
Microsoft Visual Studio Solution File, Format Version 12.00
# Visual Studio Version 16
VisualStudioVersion = 16.0.31613.86
MinimumVisualStudioVersion = 10.0.40219.1
Project("{FAE04EC0-301F-11D3-BF4B-00C04F79EFBC}") = "Dapper_Demo", "Dapper_Demo\Dapper_Demo.csproj", "{F1F37C08-30DC-43EB-AC6C-FC304E047690}"
EndProject
Global
	GlobalSection(SolutionConfigurationPlatforms) = preSolution
		Debug|Any CPU = Debug|Any CPU
		Release|Any CPU = Release|Any CPU
	EndGlobalSection
	GlobalSection(ProjectConfigurationPlatforms) = postSolution
		{F1F37C08-30DC-43EB-AC6C-FC304E047690}.Debug|Any CPU.ActiveCfg = Debug|Any CPU
		{F1F37C08-30DC-43EB-AC6C-FC304E047690}.Debug|Any CPU.Build.0 = Debug|Any CPU
		{F1F37C08-30DC-43EB-AC6C-FC304E047690}.Release|Any CPU.ActiveCfg = Release|Any CPU
		{F1F37C08-30DC-43EB-AC6C-FC304E047690}.Release|Any CPU.Build.0 = Release|Any CPU
	EndGlobalSection
	GlobalSection(SolutionProperties) = preSolution
		HideSolutionNode = FALSE
	EndGlobalSection
	GlobalSection(ExtensibilityGlobals) = postSolution
		SolutionGuid = {E7C6EAE4-65B8-4511-820A-0655CB7EE11C}
	EndGlobalSection
EndGlobal
